
Microsoft Visual Studio Solution File, Format Version 12.00
# Visual Studio Version 17
VisualStudioVersion = 17.7.34024.191
MinimumVisualStudioVersion = 10.0.40219.1
Project("{FAE04EC0-301F-11D3-BF4B-00C04F79EFBC}") = "cardGame", "cardGame\cardGame.csproj", "{4D9BE9F3-8699-430F-A6A8-0A826C499920}"
EndProject
Project("{FAE04EC0-301F-11D3-BF4B-00C04F79EFBC}") = "unitTestCardGame", "unitTestCardGame\unitTestCardGame.csproj", "{D6F993AD-9068-42D5-A483-409EF9CA5D61}"
EndProject
Global
	GlobalSection(SolutionConfigurationPlatforms) = preSolution
		Debug|Any CPU = Debug|Any CPU
		Release|Any CPU = Release|Any CPU
	EndGlobalSection
	GlobalSection(ProjectConfigurationPlatforms) = postSolution
		{4D9BE9F3-8699-430F-A6A8-0A826C499920}.Debug|Any CPU.ActiveCfg = Debug|Any CPU
		{4D9BE9F3-8699-430F-A6A8-0A826C499920}.Debug|Any CPU.Build.0 = Debug|Any CPU
		{4D9BE9F3-8699-430F-A6A8-0A826C499920}.Release|Any CPU.ActiveCfg = Release|Any CPU
		{4D9BE9F3-8699-430F-A6A8-0A826C499920}.Release|Any CPU.Build.0 = Release|Any CPU
		{D6F993AD-9068-42D5-A483-409EF9CA5D61}.Debug|Any CPU.ActiveCfg = Debug|Any CPU
		{D6F993AD-9068-42D5-A483-409EF9CA5D61}.Debug|Any CPU.Build.0 = Debug|Any CPU
		{D6F993AD-9068-42D5-A483-409EF9CA5D61}.Release|Any CPU.ActiveCfg = Release|Any CPU
		{D6F993AD-9068-42D5-A483-409EF9CA5D61}.Release|Any CPU.Build.0 = Release|Any CPU
	EndGlobalSection
	GlobalSection(SolutionProperties) = preSolution
		HideSolutionNode = FALSE
	EndGlobalSection
	GlobalSection(ExtensibilityGlobals) = postSolution
		SolutionGuid = {0B232468-51F9-4B56-A447-E8ACAE6BB635}
	EndGlobalSection
EndGlobal
